
Microsoft Visual Studio Solution File, Format Version 12.00
# Visual Studio Version 16
VisualStudioVersion = 16.0.29505.145
MinimumVisualStudioVersion = 10.0.40219.1
Project("{FAE04EC0-301F-11D3-BF4B-00C04F79EFBC}") = "Data", "Data\Data.csproj", "{DD2BAAC4-2AD3-4AF8-ACBD-E5AF66F2A295}"
EndProject
Project("{FAE04EC0-301F-11D3-BF4B-00C04F79EFBC}") = "Domain", "Domain\Domain.csproj", "{6C109752-81E8-47F5-85FF-7353C602F79A}"
EndProject
Project("{FAE04EC0-301F-11D3-BF4B-00C04F79EFBC}") = "Facade", "Facade\Facade.csproj", "{D76BB079-F491-4500-8C1E-A97C64F2F401}"
EndProject
Project("{FAE04EC0-301F-11D3-BF4B-00C04F79EFBC}") = "Infra", "Infra\Infra.csproj", "{FB06A578-19A2-4C59-8449-EAC25471E567}"
EndProject
Project("{FAE04EC0-301F-11D3-BF4B-00C04F79EFBC}") = "Pages", "Pages\Pages.csproj", "{1C834145-B34C-4D89-90B4-6344D0CEEA84}"
EndProject
Project("{FAE04EC0-301F-11D3-BF4B-00C04F79EFBC}") = "Soft", "Soft\Soft.csproj", "{6B0C4EDE-4460-4707-8DB5-6C42702B4A8E}"
EndProject
Global
	GlobalSection(SolutionConfigurationPlatforms) = preSolution
		Debug|Any CPU = Debug|Any CPU
		Release|Any CPU = Release|Any CPU
	EndGlobalSection
	GlobalSection(ProjectConfigurationPlatforms) = postSolution
		{DD2BAAC4-2AD3-4AF8-ACBD-E5AF66F2A295}.Debug|Any CPU.ActiveCfg = Debug|Any CPU
		{DD2BAAC4-2AD3-4AF8-ACBD-E5AF66F2A295}.Debug|Any CPU.Build.0 = Debug|Any CPU
		{DD2BAAC4-2AD3-4AF8-ACBD-E5AF66F2A295}.Release|Any CPU.ActiveCfg = Release|Any CPU
		{DD2BAAC4-2AD3-4AF8-ACBD-E5AF66F2A295}.Release|Any CPU.Build.0 = Release|Any CPU
		{6C109752-81E8-47F5-85FF-7353C602F79A}.Debug|Any CPU.ActiveCfg = Debug|Any CPU
		{6C109752-81E8-47F5-85FF-7353C602F79A}.Debug|Any CPU.Build.0 = Debug|Any CPU
		{6C109752-81E8-47F5-85FF-7353C602F79A}.Release|Any CPU.ActiveCfg = Release|Any CPU
		{6C109752-81E8-47F5-85FF-7353C602F79A}.Release|Any CPU.Build.0 = Release|Any CPU
		{D76BB079-F491-4500-8C1E-A97C64F2F401}.Debug|Any CPU.ActiveCfg = Debug|Any CPU
		{D76BB079-F491-4500-8C1E-A97C64F2F401}.Debug|Any CPU.Build.0 = Debug|Any CPU
		{D76BB079-F491-4500-8C1E-A97C64F2F401}.Release|Any CPU.ActiveCfg = Release|Any CPU
		{D76BB079-F491-4500-8C1E-A97C64F2F401}.Release|Any CPU.Build.0 = Release|Any CPU
		{FB06A578-19A2-4C59-8449-EAC25471E567}.Debug|Any CPU.ActiveCfg = Debug|Any CPU
		{FB06A578-19A2-4C59-8449-EAC25471E567}.Debug|Any CPU.Build.0 = Debug|Any CPU
		{FB06A578-19A2-4C59-8449-EAC25471E567}.Release|Any CPU.ActiveCfg = Release|Any CPU
		{FB06A578-19A2-4C59-8449-EAC25471E567}.Release|Any CPU.Build.0 = Release|Any CPU
		{1C834145-B34C-4D89-90B4-6344D0CEEA84}.Debug|Any CPU.ActiveCfg = Debug|Any CPU
		{1C834145-B34C-4D89-90B4-6344D0CEEA84}.Debug|Any CPU.Build.0 = Debug|Any CPU
		{1C834145-B34C-4D89-90B4-6344D0CEEA84}.Release|Any CPU.ActiveCfg = Release|Any CPU
		{1C834145-B34C-4D89-90B4-6344D0CEEA84}.Release|Any CPU.Build.0 = Release|Any CPU
		{6B0C4EDE-4460-4707-8DB5-6C42702B4A8E}.Debug|Any CPU.ActiveCfg = Debug|Any CPU
		{6B0C4EDE-4460-4707-8DB5-6C42702B4A8E}.Debug|Any CPU.Build.0 = Debug|Any CPU
		{6B0C4EDE-4460-4707-8DB5-6C42702B4A8E}.Release|Any CPU.ActiveCfg = Release|Any CPU
		{6B0C4EDE-4460-4707-8DB5-6C42702B4A8E}.Release|Any CPU.Build.0 = Release|Any CPU
	EndGlobalSection
	GlobalSection(SolutionProperties) = preSolution
		HideSolutionNode = FALSE
	EndGlobalSection
	GlobalSection(ExtensibilityGlobals) = postSolution
		SolutionGuid = {02D4598F-9760-4539-8824-9F55544729F2}
	EndGlobalSection
EndGlobal
